
Microsoft Visual Studio Solution File, Format Version 10.00
# Visual Studio 2008
Project("{FAE04EC0-301F-11D3-BF4B-00C04F79EFBC}") = "TaskManager", "TaskManager\TaskManager.csproj", "{A41D6A36-947B-4B93-A43D-138A676E500D}"
EndProject
Global
	GlobalSection(SolutionConfigurationPlatforms) = preSolution
		Debug|Any CPU = Debug|Any CPU
		Release|Any CPU = Release|Any CPU
	EndGlobalSection
	GlobalSection(ProjectConfigurationPlatforms) = postSolution
		{A41D6A36-947B-4B93-A43D-138A676E500D}.Debug|Any CPU.ActiveCfg = Debug|Any CPU
		{A41D6A36-947B-4B93-A43D-138A676E500D}.Debug|Any CPU.Build.0 = Debug|Any CPU
		{A41D6A36-947B-4B93-A43D-138A676E500D}.Release|Any CPU.ActiveCfg = Release|Any CPU
		{A41D6A36-947B-4B93-A43D-138A676E500D}.Release|Any CPU.Build.0 = Release|Any CPU
	EndGlobalSection
	GlobalSection(SolutionProperties) = preSolution
		HideSolutionNode = FALSE
	EndGlobalSection
EndGlobal
