
Microsoft Visual Studio Solution File, Format Version 10.00
# Visual Studio 2008
Project("{FAE04EC0-301F-11D3-BF4B-00C04F79EFBC}") = "FlickrManager", "FlickrManager\FlickrManager.csproj", "{BB71ABFB-09F8-45E2-A2A2-6DB4F32D29A2}"
EndProject
Global
	GlobalSection(SolutionConfigurationPlatforms) = preSolution
		Debug|Any CPU = Debug|Any CPU
		Release|Any CPU = Release|Any CPU
	EndGlobalSection
	GlobalSection(ProjectConfigurationPlatforms) = postSolution
		{BB71ABFB-09F8-45E2-A2A2-6DB4F32D29A2}.Debug|Any CPU.ActiveCfg = Debug|Any CPU
		{BB71ABFB-09F8-45E2-A2A2-6DB4F32D29A2}.Debug|Any CPU.Build.0 = Debug|Any CPU
		{BB71ABFB-09F8-45E2-A2A2-6DB4F32D29A2}.Release|Any CPU.ActiveCfg = Release|Any CPU
		{BB71ABFB-09F8-45E2-A2A2-6DB4F32D29A2}.Release|Any CPU.Build.0 = Release|Any CPU
	EndGlobalSection
	GlobalSection(SolutionProperties) = preSolution
		HideSolutionNode = FALSE
	EndGlobalSection
EndGlobal
