
Microsoft Visual Studio Solution File, Format Version 10.00
# Visual Studio 2008
Project("{8BC9CEB8-8B4A-11D0-8D11-00A0C91BC942}") = "cpp_test2", "cpp_test2\cpp_test2.vcproj", "{FD2862BB-48FB-4DDB-8CB9-389510165716}"
EndProject
Global
	GlobalSection(SolutionConfigurationPlatforms) = preSolution
		Debug|Win32 = Debug|Win32
		Release|Win32 = Release|Win32
	EndGlobalSection
	GlobalSection(ProjectConfigurationPlatforms) = postSolution
		{FD2862BB-48FB-4DDB-8CB9-389510165716}.Debug|Win32.ActiveCfg = Debug|Win32
		{FD2862BB-48FB-4DDB-8CB9-389510165716}.Debug|Win32.Build.0 = Debug|Win32
		{FD2862BB-48FB-4DDB-8CB9-389510165716}.Release|Win32.ActiveCfg = Release|Win32
		{FD2862BB-48FB-4DDB-8CB9-389510165716}.Release|Win32.Build.0 = Release|Win32
	EndGlobalSection
	GlobalSection(SolutionProperties) = preSolution
		HideSolutionNode = FALSE
	EndGlobalSection
EndGlobal
